<Solution>
  <Folder Name="/samples/">
    <Project Path="samples/ToastRack.Sample/ToastRack.Sample.csproj" />
  </Folder>
  <Folder Name="/src/">
    <Project Path="src/ToastRack/ToastRack.csproj" />
  </Folder>
  <Folder Name="/tests/">
    <Project Path="tests/ToastRack.Tests/ToastRack.Tests.csproj" />
  </Folder>
</Solution>
